
Microsoft Visual Studio Solution File, Format Version 12.00
# Visual Studio Version 17
VisualStudioVersion = 17.4.33110.190
MinimumVisualStudioVersion = 10.0.40219.1
Project("{9A19103F-16F7-4668-BE54-9A1E7A4F7556}") = "PubSubDesignPattern", "PubSubDesignPattern\PubSubDesignPattern.csproj", "{89994179-239E-4BB1-B4C8-EBD0C5F99804}"
EndProject
Project("{9A19103F-16F7-4668-BE54-9A1E7A4F7556}") = "ObserverDesignPattern", "ObserverDesignPattern\ObserverDesignPattern.csproj", "{40AA1E39-B8CE-4CAB-8128-B19178C02B57}"
EndProject
Project("{9A19103F-16F7-4668-BE54-9A1E7A4F7556}") = "NotificationDesignPattern", "NotificationDesignPattern\NotificationDesignPattern.csproj", "{C4227226-CD63-4A8C-AF9E-23E5C0B59F66}"
EndProject
Project("{9A19103F-16F7-4668-BE54-9A1E7A4F7556}") = "StrategyDesignPattern", "StrategyDesignPattern\StrategyDesignPattern.csproj", "{BED1C4EB-7CDC-4773-82D4-BB72845E7067}"
EndProject
Project("{9A19103F-16F7-4668-BE54-9A1E7A4F7556}") = "DynamicRuleEngine", "DynamicRuleEngine\DynamicRuleEngine.csproj", "{31CCB8A9-9DC6-4910-B581-267BCA85ABEF}"
EndProject
Project("{9A19103F-16F7-4668-BE54-9A1E7A4F7556}") = "CommandDesignPattern", "CommandDesginPattern\CommandDesignPattern.csproj", "{A3E5FE29-6EB9-499A-8941-48272879C1A9}"
EndProject
Project("{FAE04EC0-301F-11D3-BF4B-00C04F79EFBC}") = "SpecificationDesignPattern", "SpecificationDesignPattern\SpecificationDesignPattern.csproj", "{A4C292EB-FEEE-411F-AD7A-CFC951819867}"
EndProject
Global
	GlobalSection(SolutionConfigurationPlatforms) = preSolution
		Debug|Any CPU = Debug|Any CPU
		Release|Any CPU = Release|Any CPU
	EndGlobalSection
	GlobalSection(ProjectConfigurationPlatforms) = postSolution
		{89994179-239E-4BB1-B4C8-EBD0C5F99804}.Debug|Any CPU.ActiveCfg = Debug|Any CPU
		{89994179-239E-4BB1-B4C8-EBD0C5F99804}.Debug|Any CPU.Build.0 = Debug|Any CPU
		{89994179-239E-4BB1-B4C8-EBD0C5F99804}.Release|Any CPU.ActiveCfg = Release|Any CPU
		{89994179-239E-4BB1-B4C8-EBD0C5F99804}.Release|Any CPU.Build.0 = Release|Any CPU
		{40AA1E39-B8CE-4CAB-8128-B19178C02B57}.Debug|Any CPU.ActiveCfg = Debug|Any CPU
		{40AA1E39-B8CE-4CAB-8128-B19178C02B57}.Debug|Any CPU.Build.0 = Debug|Any CPU
		{40AA1E39-B8CE-4CAB-8128-B19178C02B57}.Release|Any CPU.ActiveCfg = Release|Any CPU
		{40AA1E39-B8CE-4CAB-8128-B19178C02B57}.Release|Any CPU.Build.0 = Release|Any CPU
		{C4227226-CD63-4A8C-AF9E-23E5C0B59F66}.Debug|Any CPU.ActiveCfg = Debug|Any CPU
		{C4227226-CD63-4A8C-AF9E-23E5C0B59F66}.Debug|Any CPU.Build.0 = Debug|Any CPU
		{C4227226-CD63-4A8C-AF9E-23E5C0B59F66}.Release|Any CPU.ActiveCfg = Release|Any CPU
		{C4227226-CD63-4A8C-AF9E-23E5C0B59F66}.Release|Any CPU.Build.0 = Release|Any CPU
		{BED1C4EB-7CDC-4773-82D4-BB72845E7067}.Debug|Any CPU.ActiveCfg = Debug|Any CPU
		{BED1C4EB-7CDC-4773-82D4-BB72845E7067}.Debug|Any CPU.Build.0 = Debug|Any CPU
		{BED1C4EB-7CDC-4773-82D4-BB72845E7067}.Release|Any CPU.ActiveCfg = Release|Any CPU
		{BED1C4EB-7CDC-4773-82D4-BB72845E7067}.Release|Any CPU.Build.0 = Release|Any CPU
		{31CCB8A9-9DC6-4910-B581-267BCA85ABEF}.Debug|Any CPU.ActiveCfg = Debug|Any CPU
		{31CCB8A9-9DC6-4910-B581-267BCA85ABEF}.Debug|Any CPU.Build.0 = Debug|Any CPU
		{31CCB8A9-9DC6-4910-B581-267BCA85ABEF}.Release|Any CPU.ActiveCfg = Release|Any CPU
		{31CCB8A9-9DC6-4910-B581-267BCA85ABEF}.Release|Any CPU.Build.0 = Release|Any CPU
		{A3E5FE29-6EB9-499A-8941-48272879C1A9}.Debug|Any CPU.ActiveCfg = Debug|Any CPU
		{A3E5FE29-6EB9-499A-8941-48272879C1A9}.Debug|Any CPU.Build.0 = Debug|Any CPU
		{A3E5FE29-6EB9-499A-8941-48272879C1A9}.Release|Any CPU.ActiveCfg = Release|Any CPU
		{A3E5FE29-6EB9-499A-8941-48272879C1A9}.Release|Any CPU.Build.0 = Release|Any CPU
		{A4C292EB-FEEE-411F-AD7A-CFC951819867}.Debug|Any CPU.ActiveCfg = Debug|Any CPU
		{A4C292EB-FEEE-411F-AD7A-CFC951819867}.Debug|Any CPU.Build.0 = Debug|Any CPU
		{A4C292EB-FEEE-411F-AD7A-CFC951819867}.Release|Any CPU.ActiveCfg = Release|Any CPU
		{A4C292EB-FEEE-411F-AD7A-CFC951819867}.Release|Any CPU.Build.0 = Release|Any CPU
	EndGlobalSection
	GlobalSection(SolutionProperties) = preSolution
		HideSolutionNode = FALSE
	EndGlobalSection
	GlobalSection(ExtensibilityGlobals) = postSolution
		SolutionGuid = {6B0E3C04-0052-4F3D-AFB3-58392BB903C7}
	EndGlobalSection
EndGlobal
